{
  "nodes": {
    "flake-parts": {
      "inputs": {
        "nixpkgs-lib": [
          "nixpkgs"
        ]
      },
      "locked": {
        "lastModified": 1736143030,
        "narHash": "sha256-+hu54pAoLDEZT9pjHlqL9DNzWz0NbUn8NEAHP7PQPzU=",
        "owner": "hercules-ci",
        "repo": "flake-parts",
        "rev": "b905f6fc23a9051a6e1b741e1438dbfc0634c6de",
        "type": "github"
      },
      "original": {
        "owner": "hercules-ci",
        "repo": "flake-parts",
        "type": "github"
      }
    },
    "flake-parts_2": {
      "inputs": {
        "nixpkgs-lib": [
          "nixvim",
          "nixpkgs"
        ]
      },
      "locked": {
        "lastModified": 1736143030,
        "narHash": "sha256-+hu54pAoLDEZT9pjHlqL9DNzWz0NbUn8NEAHP7PQPzU=",
        "owner": "hercules-ci",
        "repo": "flake-parts",
        "rev": "b905f6fc23a9051a6e1b741e1438dbfc0634c6de",
        "type": "github"
      },
      "original": {
        "owner": "hercules-ci",
        "repo": "flake-parts",
        "type": "github"
      }
    },
    "nixpkgs": {
      "locked": {
        "lastModified": 1737885589,
        "narHash": "sha256-Zf0hSrtzaM1DEz8//+Xs51k/wdSajticVrATqDrfQjg=",
        "owner": "nixos",
        "repo": "nixpkgs",
        "rev": "852ff1d9e153d8875a83602e03fdef8a63f0ecf8",
        "type": "github"
      },
      "original": {
        "owner": "nixos",
        "ref": "nixos-unstable",
        "repo": "nixpkgs",
        "type": "github"
      }
    },
    "nixvim": {
      "inputs": {
        "devshell": [],
        "flake-compat": [],
        "flake-parts": "flake-parts_2",
        "git-hooks": [],
        "home-manager": [],
        "nix-darwin": [],
        "nixpkgs": [
          "nixpkgs"
        ],
        "nuschtosSearch": [],
        "treefmt-nix": []
      },
      "locked": {
        "lastModified": 1737914312,
        "narHash": "sha256-PBF4R+yQt5Sls7CsA9Miwx28XtOP/yqaqejZ3RKSes0=",
        "owner": "nix-community",
        "repo": "nixvim",
        "rev": "8e5422bf3e76f410b97d2da640d0829e87657de9",
        "type": "github"
      },
      "original": {
        "owner": "nix-community",
        "repo": "nixvim",
        "type": "github"
      }
    },
    "root": {
      "inputs": {
        "flake-parts": "flake-parts",
        "nixpkgs": "nixpkgs",
        "nixvim": "nixvim"
      }
    }
  },
  "root": "root",
  "version": 7
}
